{
    "_readme": [
        "This file locks the dependencies of your project to a known state",
        "Read more about it at https://getcomposer.org/doc/01-basic-usage.md#installing-dependencies",
        "This file is @generated automatically"
    ],
    "content-hash": "e7f627ad53b63a08e77c6590a0996412",
    "packages": [
        {
            "name": "matomo/ini",
            "version": "2.0.2",
            "source": {
                "type": "git",
                "url": "https://github.com/matomo-org/component-ini.git",
                "reference": "f7b0d6ce594b34ead16864fbc5062c771328ac31"
            },
            "dist": {
                "type": "zip",
                "url": "https://api.github.com/repos/matomo-org/component-ini/zipball/f7b0d6ce594b34ead16864fbc5062c771328ac31",
                "reference": "f7b0d6ce594b34ead16864fbc5062c771328ac31",
                "shasum": ""
            },
            "require": {
                "php": ">=5.3.3"
            },
            "require-dev": {
                "athletic/athletic": "0.1.*",
                "phpunit/phpunit": "^4.8.36"
            },
            "type": "library",
            "autoload": {
                "psr-4": {
                    "Matomo\\Ini\\": "src/"
                }
            },
            "notification-url": "https://packagist.org/downloads/",
            "license": [
                "LGPL-3.0"
            ],
            "time": "2020-01-12T18:54:50+00:00"
        },
        {
            "name": "phpunit/php-timer",
            "version": "5.0.2",
            "source": {
                "type": "git",
                "url": "https://github.com/sebastianbergmann/php-timer.git",
                "reference": "c9ff14f493699e2f6adee9fd06a0245b276643b7"
            },
            "dist": {
                "type": "zip",
                "url": "https://api.github.com/repos/sebastianbergmann/php-timer/zipball/c9ff14f493699e2f6adee9fd06a0245b276643b7",
                "reference": "c9ff14f493699e2f6adee9fd06a0245b276643b7",
                "shasum": ""
            },
            "require": {
                "php": ">=7.3"
            },
            "require-dev": {
                "phpunit/phpunit": "^9.3"
            },
            "type": "library",
            "extra": {
                "branch-alias": {
                    "dev-master": "5.0-dev"
                }
            },
            "autoload": {
                "classmap": [
                    "src/"
                ]
            },
            "notification-url": "https://packagist.org/downloads/",
            "license": [
                "BSD-3-Clause"
            ],
            "authors": [
                {
                    "name": "Sebastian Bergmann",
                    "email": "sebastian@phpunit.de",
                    "role": "lead"
                }
            ],
            "description": "Utility class for timing",
            "homepage": "https://github.com/sebastianbergmann/php-timer/",
            "keywords": [
                "timer"
            ],
            "funding": [
                {
                    "url": "https://github.com/sebastianbergmann",
                    "type": "github"
                }
            ],
            "time": "2020-09-28T06:00:25+00:00"
        }
    ],
    "packages-dev": [],
    "aliases": [],
    "minimum-stability": "stable",
    "stability-flags": [],
    "prefer-stable": false,
    "prefer-lowest": false,
    "platform": [],
    "platform-dev": [],
    "plugin-api-version": "1.1.0"
}
