{
    "_readme": [
        "This file locks the dependencies of your project to a known state",
        "Read more about it at https://getcomposer.org/doc/01-basic-usage.md#installing-dependencies",
        "This file is @generated automatically"
    ],
    "content-hash": "3b0eb453852a25b37ac9e5ae24d8114a",
    "packages": [
        {
            "name": "matomo/ini",
            "version": "2.0.2",
            "source": {
                "type": "git",
                "url": "https://github.com/matomo-org/component-ini.git",
                "reference": "f7b0d6ce594b34ead16864fbc5062c771328ac31"
            },
            "dist": {
                "type": "zip",
                "url": "https://api.github.com/repos/matomo-org/component-ini/zipball/f7b0d6ce594b34ead16864fbc5062c771328ac31",
                "reference": "f7b0d6ce594b34ead16864fbc5062c771328ac31",
                "shasum": ""
            },
            "require": {
                "php": ">=5.3.3"
            },
            "require-dev": {
                "athletic/athletic": "0.1.*",
                "phpunit/phpunit": "^4.8.36"
            },
            "type": "library",
            "autoload": {
                "psr-4": {
                    "Matomo\\Ini\\": "src/"
                }
            },
            "notification-url": "https://packagist.org/downloads/",
            "license": [
                "LGPL-3.0"
            ],
            "time": "2020-01-12T18:54:50+00:00"
        }
    ],
    "packages-dev": [],
    "aliases": [],
    "minimum-stability": "stable",
    "stability-flags": [],
    "prefer-stable": false,
    "prefer-lowest": false,
    "platform": [],
    "platform-dev": [],
    "plugin-api-version": "1.1.0"
}
